
Microsoft Visual Studio Solution File, Format Version 12.00
# Visual Studio 15
VisualStudioVersion = 15.0.26403.7
MinimumVisualStudioVersion = 10.0.40219.1
Project("{2150E333-8FDC-42A3-9474-1A3956D46DE8}") = "Solution Items", "Solution Items", "{B4C7E919-18B2-4239-AC62-BFC01A722A33}"
	ProjectSection(SolutionItems) = preProject
		DLLs\OpenTK.dll = DLLs\OpenTK.dll
		DLLs\OpenTK.GLControl.dll = DLLs\OpenTK.GLControl.dll
	EndProjectSection
EndProject
Project("{FAE04EC0-301F-11D3-BF4B-00C04F79EFBC}") = "TakeOne.WindowSuite", "TakeOne.WindowSuite\TakeOne.WindowSuite.csproj", "{71B96B53-64E9-4EC0-8F02-5342DF2AB856}"
EndProject
Project("{FAE04EC0-301F-11D3-BF4B-00C04F79EFBC}") = "Engineer.Editor", "Engineer.Editor\Engineer.Editor.csproj", "{22AED2A2-1390-4FDE-A3E2-812B5EA95B1A}"
EndProject
Project("{2150E333-8FDC-42A3-9474-1A3956D46DE8}") = "Lib", "Lib", "{E431A47F-FD4C-48D5-9C4B-810114B14DD8}"
	ProjectSection(SolutionItems) = preProject
		DLLs\OpenTK.dll = DLLs\OpenTK.dll
		DLLs\OpenTK.GLControl.dll = DLLs\OpenTK.GLControl.dll
		DLLs\WeifenLuo.WinFormsUI.Docking.dll = DLLs\WeifenLuo.WinFormsUI.Docking.dll
	EndProjectSection
EndProject
Project("{FAE04EC0-301F-11D3-BF4B-00C04F79EFBC}") = "ICSharpCode.TextEditor", "ICSharpCode.TextEditor\Project\ICSharpCode.TextEditor.csproj", "{2D18BE89-D210-49EB-A9DD-2246FBB3DF6D}"
EndProject
Project("{FAE04EC0-301F-11D3-BF4B-00C04F79EFBC}") = "ShadySolutions.UI.NodeEditor", "ShadySolutions.UI.NodeEditor\ShadySolutions.UI.NodeEditor\ShadySolutions.UI.NodeEditor.csproj", "{2D0C6C3B-A3C9-42C1-B1BE-6DB132A6B931}"
EndProject
Project("{FAE04EC0-301F-11D3-BF4B-00C04F79EFBC}") = "Engineer.Editor.Interface", "Engineer.Interface\Engineer.Editor.Interface.csproj", "{CC8EAEEC-7517-4E47-8E6A-ADCEFA863F57}"
EndProject
Global
	GlobalSection(SolutionConfigurationPlatforms) = preSolution
		Debug|Any CPU = Debug|Any CPU
		Release|Any CPU = Release|Any CPU
	EndGlobalSection
	GlobalSection(ProjectConfigurationPlatforms) = postSolution
		{71B96B53-64E9-4EC0-8F02-5342DF2AB856}.Debug|Any CPU.ActiveCfg = Debug|Any CPU
		{71B96B53-64E9-4EC0-8F02-5342DF2AB856}.Debug|Any CPU.Build.0 = Debug|Any CPU
		{71B96B53-64E9-4EC0-8F02-5342DF2AB856}.Release|Any CPU.ActiveCfg = Release|Any CPU
		{71B96B53-64E9-4EC0-8F02-5342DF2AB856}.Release|Any CPU.Build.0 = Release|Any CPU
		{22AED2A2-1390-4FDE-A3E2-812B5EA95B1A}.Debug|Any CPU.ActiveCfg = Debug|Any CPU
		{22AED2A2-1390-4FDE-A3E2-812B5EA95B1A}.Debug|Any CPU.Build.0 = Debug|Any CPU
		{22AED2A2-1390-4FDE-A3E2-812B5EA95B1A}.Release|Any CPU.ActiveCfg = Release|Any CPU
		{22AED2A2-1390-4FDE-A3E2-812B5EA95B1A}.Release|Any CPU.Build.0 = Release|Any CPU
		{2D18BE89-D210-49EB-A9DD-2246FBB3DF6D}.Debug|Any CPU.ActiveCfg = Debug|Any CPU
		{2D18BE89-D210-49EB-A9DD-2246FBB3DF6D}.Debug|Any CPU.Build.0 = Debug|Any CPU
		{2D18BE89-D210-49EB-A9DD-2246FBB3DF6D}.Release|Any CPU.ActiveCfg = Release|Any CPU
		{2D18BE89-D210-49EB-A9DD-2246FBB3DF6D}.Release|Any CPU.Build.0 = Release|Any CPU
		{2D0C6C3B-A3C9-42C1-B1BE-6DB132A6B931}.Debug|Any CPU.ActiveCfg = Debug|Any CPU
		{2D0C6C3B-A3C9-42C1-B1BE-6DB132A6B931}.Debug|Any CPU.Build.0 = Debug|Any CPU
		{2D0C6C3B-A3C9-42C1-B1BE-6DB132A6B931}.Release|Any CPU.ActiveCfg = Release|Any CPU
		{2D0C6C3B-A3C9-42C1-B1BE-6DB132A6B931}.Release|Any CPU.Build.0 = Release|Any CPU
		{CC8EAEEC-7517-4E47-8E6A-ADCEFA863F57}.Debug|Any CPU.ActiveCfg = Debug|Any CPU
		{CC8EAEEC-7517-4E47-8E6A-ADCEFA863F57}.Debug|Any CPU.Build.0 = Debug|Any CPU
		{CC8EAEEC-7517-4E47-8E6A-ADCEFA863F57}.Release|Any CPU.ActiveCfg = Release|Any CPU
		{CC8EAEEC-7517-4E47-8E6A-ADCEFA863F57}.Release|Any CPU.Build.0 = Release|Any CPU
	EndGlobalSection
	GlobalSection(SolutionProperties) = preSolution
		HideSolutionNode = FALSE
	EndGlobalSection
EndGlobal
