
Microsoft Visual Studio Solution File, Format Version 12.00
# Visual Studio 14
VisualStudioVersion = 14.0.23107.0
MinimumVisualStudioVersion = 10.0.40219.1
Project("{FAE04EC0-301F-11D3-BF4B-00C04F79EFBC}") = "Engineer.Runner", "ConsoleApplication1\Engineer.Runner.csproj", "{938502D1-1B08-480A-B631-BCAB1E67A298}"
EndProject
Project("{2150E333-8FDC-42A3-9474-1A3956D46DE8}") = "Solution Items", "Solution Items", "{B4C7E919-18B2-4239-AC62-BFC01A722A33}"
	ProjectSection(SolutionItems) = preProject
		DLLs\OpenTK.dll = DLLs\OpenTK.dll
		DLLs\OpenTK.GLControl.dll = DLLs\OpenTK.GLControl.dll
	EndProjectSection
EndProject
Project("{FAE04EC0-301F-11D3-BF4B-00C04F79EFBC}") = "Engineer.Draw", "Engineer.Draw\Engineer.Draw.csproj", "{CB524CC3-DDAD-4E7F-8112-253896A2857C}"
EndProject
Project("{FAE04EC0-301F-11D3-BF4B-00C04F79EFBC}") = "Engineer.Mathematics", "Engineer.Mathematics\Engineer.Mathematics.csproj", "{C808FAD5-1905-4463-8F73-D8F3BB19EEB6}"
EndProject
Project("{2150E333-8FDC-42A3-9474-1A3956D46DE8}") = "Engineer_Draw", "Engineer_Draw", "{87362F9D-79EB-4DBF-9675-7BD845676AD8}"
EndProject
Project("{2150E333-8FDC-42A3-9474-1A3956D46DE8}") = "Engineer", "Engineer", "{EB5EFF97-F476-4477-B46B-98A824A01F96}"
EndProject
Project("{2150E333-8FDC-42A3-9474-1A3956D46DE8}") = "Engineer_Data", "Engineer_Data", "{096144DF-7C41-4FFD-89A2-1A057F756C09}"
EndProject
Project("{FAE04EC0-301F-11D3-BF4B-00C04F79EFBC}") = "Engineer.Data", "Engineer.Data\Engineer.Data.csproj", "{27001881-9739-4D9F-8BBE-57AFD825996A}"
EndProject
Project("{FAE04EC0-301F-11D3-BF4B-00C04F79EFBC}") = "Engineer.IO", "Engineer.IO\Engineer.IO.csproj", "{E609EBC6-3B93-4386-A4A2-F96C00B376E7}"
EndProject
Project("{FAE04EC0-301F-11D3-BF4B-00C04F79EFBC}") = "Engineer.Draw.OpenGL", "Engineer.OpenGL\Engineer.Draw.OpenGL.csproj", "{71F8AAD9-38BC-4115-AEFB-350CCBF9D06F}"
EndProject
Project("{FAE04EC0-301F-11D3-BF4B-00C04F79EFBC}") = "Engineer.Engine", "Engineer.Engine\Engineer.Engine.csproj", "{EFB51F33-46A8-4367-A8A3-9E647CA6BBE7}"
EndProject
Project("{FAE04EC0-301F-11D3-BF4B-00C04F79EFBC}") = "ShadySolutions.UI.NodeEditor", "..\ShadySolutions.UI.NodeEditor\ShadySolutions.UI.NodeEditor\ShadySolutions.UI.NodeEditor.csproj", "{2D0C6C3B-A3C9-42C1-B1BE-6DB132A6B931}"
EndProject
Project("{FAE04EC0-301F-11D3-BF4B-00C04F79EFBC}") = "TakeOne.WindowSuite", "TakeOne.WindowSuite\TakeOne.WindowSuite.csproj", "{71B96B53-64E9-4EC0-8F02-5342DF2AB856}"
EndProject
Project("{FAE04EC0-301F-11D3-BF4B-00C04F79EFBC}") = "Engineer.Editor", "Engineer.Editor\Engineer.Editor.csproj", "{22AED2A2-1390-4FDE-A3E2-812B5EA95B1A}"
EndProject
Project("{2150E333-8FDC-42A3-9474-1A3956D46DE8}") = "Lib", "Lib", "{E431A47F-FD4C-48D5-9C4B-810114B14DD8}"
	ProjectSection(SolutionItems) = preProject
		DLLs\OpenTK.dll = DLLs\OpenTK.dll
		DLLs\OpenTK.GLControl.dll = DLLs\OpenTK.GLControl.dll
		DLLs\WeifenLuo.WinFormsUI.Docking.dll = DLLs\WeifenLuo.WinFormsUI.Docking.dll
	EndProjectSection
EndProject
Project("{FAE04EC0-301F-11D3-BF4B-00C04F79EFBC}") = "ShadySolutions.UI.Blockline", "ShadySolutions.UI.Blockline\ShadySolutions.UI.Blockline.csproj", "{BA50A038-0FFA-4D5C-9CEB-BC9BBE374E47}"
EndProject
Project("{FAE04EC0-301F-11D3-BF4B-00C04F79EFBC}") = "BlocklineExample", "BlocklineExample\BlocklineExample.csproj", "{DB24666C-C2BF-4EB4-BA08-E45442721B74}"
EndProject
Project("{FAE04EC0-301F-11D3-BF4B-00C04F79EFBC}") = "ICSharpCode.TextEditor", "ICSharpCode.TextEditor\Project\ICSharpCode.TextEditor.csproj", "{2D18BE89-D210-49EB-A9DD-2246FBB3DF6D}"
EndProject
Global
	GlobalSection(SolutionConfigurationPlatforms) = preSolution
		Debug|Any CPU = Debug|Any CPU
		Release|Any CPU = Release|Any CPU
	EndGlobalSection
	GlobalSection(ProjectConfigurationPlatforms) = postSolution
		{938502D1-1B08-480A-B631-BCAB1E67A298}.Debug|Any CPU.ActiveCfg = Debug|Any CPU
		{938502D1-1B08-480A-B631-BCAB1E67A298}.Debug|Any CPU.Build.0 = Debug|Any CPU
		{938502D1-1B08-480A-B631-BCAB1E67A298}.Release|Any CPU.ActiveCfg = Release|Any CPU
		{938502D1-1B08-480A-B631-BCAB1E67A298}.Release|Any CPU.Build.0 = Release|Any CPU
		{CB524CC3-DDAD-4E7F-8112-253896A2857C}.Debug|Any CPU.ActiveCfg = Debug|Any CPU
		{CB524CC3-DDAD-4E7F-8112-253896A2857C}.Debug|Any CPU.Build.0 = Debug|Any CPU
		{CB524CC3-DDAD-4E7F-8112-253896A2857C}.Release|Any CPU.ActiveCfg = Release|Any CPU
		{CB524CC3-DDAD-4E7F-8112-253896A2857C}.Release|Any CPU.Build.0 = Release|Any CPU
		{C808FAD5-1905-4463-8F73-D8F3BB19EEB6}.Debug|Any CPU.ActiveCfg = Debug|Any CPU
		{C808FAD5-1905-4463-8F73-D8F3BB19EEB6}.Debug|Any CPU.Build.0 = Debug|Any CPU
		{C808FAD5-1905-4463-8F73-D8F3BB19EEB6}.Release|Any CPU.ActiveCfg = Release|Any CPU
		{C808FAD5-1905-4463-8F73-D8F3BB19EEB6}.Release|Any CPU.Build.0 = Release|Any CPU
		{27001881-9739-4D9F-8BBE-57AFD825996A}.Debug|Any CPU.ActiveCfg = Debug|Any CPU
		{27001881-9739-4D9F-8BBE-57AFD825996A}.Debug|Any CPU.Build.0 = Debug|Any CPU
		{27001881-9739-4D9F-8BBE-57AFD825996A}.Release|Any CPU.ActiveCfg = Release|Any CPU
		{27001881-9739-4D9F-8BBE-57AFD825996A}.Release|Any CPU.Build.0 = Release|Any CPU
		{E609EBC6-3B93-4386-A4A2-F96C00B376E7}.Debug|Any CPU.ActiveCfg = Debug|Any CPU
		{E609EBC6-3B93-4386-A4A2-F96C00B376E7}.Debug|Any CPU.Build.0 = Debug|Any CPU
		{E609EBC6-3B93-4386-A4A2-F96C00B376E7}.Release|Any CPU.ActiveCfg = Release|Any CPU
		{E609EBC6-3B93-4386-A4A2-F96C00B376E7}.Release|Any CPU.Build.0 = Release|Any CPU
		{71F8AAD9-38BC-4115-AEFB-350CCBF9D06F}.Debug|Any CPU.ActiveCfg = Debug|Any CPU
		{71F8AAD9-38BC-4115-AEFB-350CCBF9D06F}.Debug|Any CPU.Build.0 = Debug|Any CPU
		{71F8AAD9-38BC-4115-AEFB-350CCBF9D06F}.Release|Any CPU.ActiveCfg = Release|Any CPU
		{71F8AAD9-38BC-4115-AEFB-350CCBF9D06F}.Release|Any CPU.Build.0 = Release|Any CPU
		{EFB51F33-46A8-4367-A8A3-9E647CA6BBE7}.Debug|Any CPU.ActiveCfg = Debug|Any CPU
		{EFB51F33-46A8-4367-A8A3-9E647CA6BBE7}.Debug|Any CPU.Build.0 = Debug|Any CPU
		{EFB51F33-46A8-4367-A8A3-9E647CA6BBE7}.Release|Any CPU.ActiveCfg = Release|Any CPU
		{EFB51F33-46A8-4367-A8A3-9E647CA6BBE7}.Release|Any CPU.Build.0 = Release|Any CPU
		{2D0C6C3B-A3C9-42C1-B1BE-6DB132A6B931}.Debug|Any CPU.ActiveCfg = Debug|Any CPU
		{2D0C6C3B-A3C9-42C1-B1BE-6DB132A6B931}.Debug|Any CPU.Build.0 = Debug|Any CPU
		{2D0C6C3B-A3C9-42C1-B1BE-6DB132A6B931}.Release|Any CPU.ActiveCfg = Release|Any CPU
		{2D0C6C3B-A3C9-42C1-B1BE-6DB132A6B931}.Release|Any CPU.Build.0 = Release|Any CPU
		{71B96B53-64E9-4EC0-8F02-5342DF2AB856}.Debug|Any CPU.ActiveCfg = Debug|Any CPU
		{71B96B53-64E9-4EC0-8F02-5342DF2AB856}.Debug|Any CPU.Build.0 = Debug|Any CPU
		{71B96B53-64E9-4EC0-8F02-5342DF2AB856}.Release|Any CPU.ActiveCfg = Release|Any CPU
		{71B96B53-64E9-4EC0-8F02-5342DF2AB856}.Release|Any CPU.Build.0 = Release|Any CPU
		{22AED2A2-1390-4FDE-A3E2-812B5EA95B1A}.Debug|Any CPU.ActiveCfg = Debug|Any CPU
		{22AED2A2-1390-4FDE-A3E2-812B5EA95B1A}.Debug|Any CPU.Build.0 = Debug|Any CPU
		{22AED2A2-1390-4FDE-A3E2-812B5EA95B1A}.Release|Any CPU.ActiveCfg = Release|Any CPU
		{22AED2A2-1390-4FDE-A3E2-812B5EA95B1A}.Release|Any CPU.Build.0 = Release|Any CPU
		{BA50A038-0FFA-4D5C-9CEB-BC9BBE374E47}.Debug|Any CPU.ActiveCfg = Debug|Any CPU
		{BA50A038-0FFA-4D5C-9CEB-BC9BBE374E47}.Debug|Any CPU.Build.0 = Debug|Any CPU
		{BA50A038-0FFA-4D5C-9CEB-BC9BBE374E47}.Release|Any CPU.ActiveCfg = Release|Any CPU
		{BA50A038-0FFA-4D5C-9CEB-BC9BBE374E47}.Release|Any CPU.Build.0 = Release|Any CPU
		{DB24666C-C2BF-4EB4-BA08-E45442721B74}.Debug|Any CPU.ActiveCfg = Debug|Any CPU
		{DB24666C-C2BF-4EB4-BA08-E45442721B74}.Debug|Any CPU.Build.0 = Debug|Any CPU
		{DB24666C-C2BF-4EB4-BA08-E45442721B74}.Release|Any CPU.ActiveCfg = Release|Any CPU
		{DB24666C-C2BF-4EB4-BA08-E45442721B74}.Release|Any CPU.Build.0 = Release|Any CPU
		{2D18BE89-D210-49EB-A9DD-2246FBB3DF6D}.Debug|Any CPU.ActiveCfg = Debug|Any CPU
		{2D18BE89-D210-49EB-A9DD-2246FBB3DF6D}.Debug|Any CPU.Build.0 = Debug|Any CPU
		{2D18BE89-D210-49EB-A9DD-2246FBB3DF6D}.Release|Any CPU.ActiveCfg = Release|Any CPU
		{2D18BE89-D210-49EB-A9DD-2246FBB3DF6D}.Release|Any CPU.Build.0 = Release|Any CPU
	EndGlobalSection
	GlobalSection(SolutionProperties) = preSolution
		HideSolutionNode = FALSE
	EndGlobalSection
	GlobalSection(NestedProjects) = preSolution
		{938502D1-1B08-480A-B631-BCAB1E67A298} = {EB5EFF97-F476-4477-B46B-98A824A01F96}
		{CB524CC3-DDAD-4E7F-8112-253896A2857C} = {87362F9D-79EB-4DBF-9675-7BD845676AD8}
		{C808FAD5-1905-4463-8F73-D8F3BB19EEB6} = {096144DF-7C41-4FFD-89A2-1A057F756C09}
		{27001881-9739-4D9F-8BBE-57AFD825996A} = {096144DF-7C41-4FFD-89A2-1A057F756C09}
		{E609EBC6-3B93-4386-A4A2-F96C00B376E7} = {096144DF-7C41-4FFD-89A2-1A057F756C09}
		{71F8AAD9-38BC-4115-AEFB-350CCBF9D06F} = {87362F9D-79EB-4DBF-9675-7BD845676AD8}
		{EFB51F33-46A8-4367-A8A3-9E647CA6BBE7} = {EB5EFF97-F476-4477-B46B-98A824A01F96}
	EndGlobalSection
EndGlobal
