
Microsoft Visual Studio Solution File, Format Version 12.00
# Visual Studio 14
VisualStudioVersion = 14.0.23107.0
MinimumVisualStudioVersion = 10.0.40219.1
Project("{FAE04EC0-301F-11D3-BF4B-00C04F79EFBC}") = "Engineer.Runner", "ConsoleApplication1\Engineer.Runner.csproj", "{938502D1-1B08-480A-B631-BCAB1E67A298}"
EndProject
Project("{2150E333-8FDC-42A3-9474-1A3956D46DE8}") = "Solution Items", "Solution Items", "{B4C7E919-18B2-4239-AC62-BFC01A722A33}"
	ProjectSection(SolutionItems) = preProject
		DLLs\OpenTK.dll = DLLs\OpenTK.dll
		DLLs\OpenTK.GLControl.dll = DLLs\OpenTK.GLControl.dll
	EndProjectSection
EndProject
Project("{FAE04EC0-301F-11D3-BF4B-00C04F79EFBC}") = "Engineer.Draw", "Engineer.Draw\Engineer.Draw.csproj", "{CB524CC3-DDAD-4E7F-8112-253896A2857C}"
EndProject
Project("{FAE04EC0-301F-11D3-BF4B-00C04F79EFBC}") = "Engineer.Draw.GLSL", "Engineer.Draw.GLSL\Engineer.Draw.GLSL.csproj", "{EBBFEEDB-75EE-4625-BEA8-0F33D579EC9E}"
EndProject
Project("{FAE04EC0-301F-11D3-BF4B-00C04F79EFBC}") = "Engineer.Draw.FixedGL", "Engineer.Draw.GL\Engineer.Draw.FixedGL.csproj", "{D48B9B10-B585-415A-A710-A4E4D8BD339E}"
EndProject
Project("{FAE04EC0-301F-11D3-BF4B-00C04F79EFBC}") = "Engineer.Mathematics", "Engineer.Mathematics\Engineer.Mathematics.csproj", "{C808FAD5-1905-4463-8F73-D8F3BB19EEB6}"
EndProject
Project("{2150E333-8FDC-42A3-9474-1A3956D46DE8}") = "Engineer_Draw", "Engineer_Draw", "{87362F9D-79EB-4DBF-9675-7BD845676AD8}"
EndProject
Project("{2150E333-8FDC-42A3-9474-1A3956D46DE8}") = "Engineer", "Engineer", "{EB5EFF97-F476-4477-B46B-98A824A01F96}"
EndProject
Project("{2150E333-8FDC-42A3-9474-1A3956D46DE8}") = "Engineer_Data", "Engineer_Data", "{096144DF-7C41-4FFD-89A2-1A057F756C09}"
EndProject
Project("{FAE04EC0-301F-11D3-BF4B-00C04F79EFBC}") = "Engineer.Data", "Engineer.Data\Engineer.Data.csproj", "{27001881-9739-4D9F-8BBE-57AFD825996A}"
EndProject
Project("{FAE04EC0-301F-11D3-BF4B-00C04F79EFBC}") = "Engineer.IO", "Engineer.IO\Engineer.IO.csproj", "{E609EBC6-3B93-4386-A4A2-F96C00B376E7}"
EndProject
Global
	GlobalSection(SolutionConfigurationPlatforms) = preSolution
		Debug|Any CPU = Debug|Any CPU
		Release|Any CPU = Release|Any CPU
	EndGlobalSection
	GlobalSection(ProjectConfigurationPlatforms) = postSolution
		{938502D1-1B08-480A-B631-BCAB1E67A298}.Debug|Any CPU.ActiveCfg = Debug|Any CPU
		{938502D1-1B08-480A-B631-BCAB1E67A298}.Debug|Any CPU.Build.0 = Debug|Any CPU
		{938502D1-1B08-480A-B631-BCAB1E67A298}.Release|Any CPU.ActiveCfg = Release|Any CPU
		{938502D1-1B08-480A-B631-BCAB1E67A298}.Release|Any CPU.Build.0 = Release|Any CPU
		{CB524CC3-DDAD-4E7F-8112-253896A2857C}.Debug|Any CPU.ActiveCfg = Debug|Any CPU
		{CB524CC3-DDAD-4E7F-8112-253896A2857C}.Debug|Any CPU.Build.0 = Debug|Any CPU
		{CB524CC3-DDAD-4E7F-8112-253896A2857C}.Release|Any CPU.ActiveCfg = Release|Any CPU
		{CB524CC3-DDAD-4E7F-8112-253896A2857C}.Release|Any CPU.Build.0 = Release|Any CPU
		{EBBFEEDB-75EE-4625-BEA8-0F33D579EC9E}.Debug|Any CPU.ActiveCfg = Debug|Any CPU
		{EBBFEEDB-75EE-4625-BEA8-0F33D579EC9E}.Debug|Any CPU.Build.0 = Debug|Any CPU
		{EBBFEEDB-75EE-4625-BEA8-0F33D579EC9E}.Release|Any CPU.ActiveCfg = Release|Any CPU
		{EBBFEEDB-75EE-4625-BEA8-0F33D579EC9E}.Release|Any CPU.Build.0 = Release|Any CPU
		{D48B9B10-B585-415A-A710-A4E4D8BD339E}.Debug|Any CPU.ActiveCfg = Debug|Any CPU
		{D48B9B10-B585-415A-A710-A4E4D8BD339E}.Debug|Any CPU.Build.0 = Debug|Any CPU
		{D48B9B10-B585-415A-A710-A4E4D8BD339E}.Release|Any CPU.ActiveCfg = Release|Any CPU
		{D48B9B10-B585-415A-A710-A4E4D8BD339E}.Release|Any CPU.Build.0 = Release|Any CPU
		{C808FAD5-1905-4463-8F73-D8F3BB19EEB6}.Debug|Any CPU.ActiveCfg = Debug|Any CPU
		{C808FAD5-1905-4463-8F73-D8F3BB19EEB6}.Debug|Any CPU.Build.0 = Debug|Any CPU
		{C808FAD5-1905-4463-8F73-D8F3BB19EEB6}.Release|Any CPU.ActiveCfg = Release|Any CPU
		{C808FAD5-1905-4463-8F73-D8F3BB19EEB6}.Release|Any CPU.Build.0 = Release|Any CPU
		{27001881-9739-4D9F-8BBE-57AFD825996A}.Debug|Any CPU.ActiveCfg = Debug|Any CPU
		{27001881-9739-4D9F-8BBE-57AFD825996A}.Debug|Any CPU.Build.0 = Debug|Any CPU
		{27001881-9739-4D9F-8BBE-57AFD825996A}.Release|Any CPU.ActiveCfg = Release|Any CPU
		{27001881-9739-4D9F-8BBE-57AFD825996A}.Release|Any CPU.Build.0 = Release|Any CPU
		{E609EBC6-3B93-4386-A4A2-F96C00B376E7}.Debug|Any CPU.ActiveCfg = Debug|Any CPU
		{E609EBC6-3B93-4386-A4A2-F96C00B376E7}.Debug|Any CPU.Build.0 = Debug|Any CPU
		{E609EBC6-3B93-4386-A4A2-F96C00B376E7}.Release|Any CPU.ActiveCfg = Release|Any CPU
		{E609EBC6-3B93-4386-A4A2-F96C00B376E7}.Release|Any CPU.Build.0 = Release|Any CPU
	EndGlobalSection
	GlobalSection(SolutionProperties) = preSolution
		HideSolutionNode = FALSE
	EndGlobalSection
	GlobalSection(NestedProjects) = preSolution
		{938502D1-1B08-480A-B631-BCAB1E67A298} = {EB5EFF97-F476-4477-B46B-98A824A01F96}
		{CB524CC3-DDAD-4E7F-8112-253896A2857C} = {87362F9D-79EB-4DBF-9675-7BD845676AD8}
		{EBBFEEDB-75EE-4625-BEA8-0F33D579EC9E} = {87362F9D-79EB-4DBF-9675-7BD845676AD8}
		{D48B9B10-B585-415A-A710-A4E4D8BD339E} = {87362F9D-79EB-4DBF-9675-7BD845676AD8}
		{C808FAD5-1905-4463-8F73-D8F3BB19EEB6} = {096144DF-7C41-4FFD-89A2-1A057F756C09}
		{27001881-9739-4D9F-8BBE-57AFD825996A} = {096144DF-7C41-4FFD-89A2-1A057F756C09}
		{E609EBC6-3B93-4386-A4A2-F96C00B376E7} = {096144DF-7C41-4FFD-89A2-1A057F756C09}
	EndGlobalSection
EndGlobal
